
Microsoft Visual Studio Solution File, Format Version 12.00
# Visual Studio Version 17
VisualStudioVersion = 17.5.33516.290
MinimumVisualStudioVersion = 10.0.40219.1
Project("{8BC9CEB8-8B4A-11D0-8D11-00A0C91BC942}") = "GetAudioRawData", "GetAudioRawData\MSDK_GetAudioRawData.vcxproj", "{4EDDA96A-68C6-4A87-BE56-24EF884CFF40}"
EndProject
Project("{8BC9CEB8-8B4A-11D0-8D11-00A0C91BC942}") = "GetVideoRawData", "GetVideoRawData\MSDK_GetVideoRawData.vcxproj", "{9792CD1E-487C-49A7-B462-3F8FF93AAA2A}"
EndProject
Project("{8BC9CEB8-8B4A-11D0-8D11-00A0C91BC942}") = "SendAudioRawData", "SendAudioRawData\MSDK_SendAudioRawData.vcxproj", "{6876AA04-274E-428B-A1C5-CF9EBAD394F1}"
EndProject
Project("{8BC9CEB8-8B4A-11D0-8D11-00A0C91BC942}") = "SendShareScreenRawData", "SendShareScreenRawData\MSDKSendShareScreenRawData.vcxproj", "{D8098A50-04DB-444A-BB3A-2944A30DAEB2}"
EndProject
Project("{8BC9CEB8-8B4A-11D0-8D11-00A0C91BC942}") = "SendVideoRawData", "SendVideoRawData\MSDK_SendVideoRawData.vcxproj", "{6F503B63-55F2-40E4-AC31-8B03CF4F9443}"
EndProject
Global
	GlobalSection(SolutionConfigurationPlatforms) = preSolution
		Debug|x64 = Debug|x64
		Debug|x86 = Debug|x86
		Release|x64 = Release|x64
		Release|x86 = Release|x86
	EndGlobalSection
	GlobalSection(ProjectConfigurationPlatforms) = postSolution
		{4EDDA96A-68C6-4A87-BE56-24EF884CFF40}.Debug|x64.ActiveCfg = Debug|x64
		{4EDDA96A-68C6-4A87-BE56-24EF884CFF40}.Debug|x64.Build.0 = Debug|x64
		{4EDDA96A-68C6-4A87-BE56-24EF884CFF40}.Debug|x86.ActiveCfg = Debug|Win32
		{4EDDA96A-68C6-4A87-BE56-24EF884CFF40}.Debug|x86.Build.0 = Debug|Win32
		{4EDDA96A-68C6-4A87-BE56-24EF884CFF40}.Release|x64.ActiveCfg = Release|x64
		{4EDDA96A-68C6-4A87-BE56-24EF884CFF40}.Release|x64.Build.0 = Release|x64
		{4EDDA96A-68C6-4A87-BE56-24EF884CFF40}.Release|x86.ActiveCfg = Release|Win32
		{4EDDA96A-68C6-4A87-BE56-24EF884CFF40}.Release|x86.Build.0 = Release|Win32
		{9792CD1E-487C-49A7-B462-3F8FF93AAA2A}.Debug|x64.ActiveCfg = Debug|x64
		{9792CD1E-487C-49A7-B462-3F8FF93AAA2A}.Debug|x64.Build.0 = Debug|x64
		{9792CD1E-487C-49A7-B462-3F8FF93AAA2A}.Debug|x86.ActiveCfg = Debug|Win32
		{9792CD1E-487C-49A7-B462-3F8FF93AAA2A}.Debug|x86.Build.0 = Debug|Win32
		{9792CD1E-487C-49A7-B462-3F8FF93AAA2A}.Release|x64.ActiveCfg = Release|x64
		{9792CD1E-487C-49A7-B462-3F8FF93AAA2A}.Release|x64.Build.0 = Release|x64
		{9792CD1E-487C-49A7-B462-3F8FF93AAA2A}.Release|x86.ActiveCfg = Release|Win32
		{9792CD1E-487C-49A7-B462-3F8FF93AAA2A}.Release|x86.Build.0 = Release|Win32
		{6876AA04-274E-428B-A1C5-CF9EBAD394F1}.Debug|x64.ActiveCfg = Debug|x64
		{6876AA04-274E-428B-A1C5-CF9EBAD394F1}.Debug|x64.Build.0 = Debug|x64
		{6876AA04-274E-428B-A1C5-CF9EBAD394F1}.Debug|x86.ActiveCfg = Debug|Win32
		{6876AA04-274E-428B-A1C5-CF9EBAD394F1}.Debug|x86.Build.0 = Debug|Win32
		{6876AA04-274E-428B-A1C5-CF9EBAD394F1}.Release|x64.ActiveCfg = Release|x64
		{6876AA04-274E-428B-A1C5-CF9EBAD394F1}.Release|x64.Build.0 = Release|x64
		{6876AA04-274E-428B-A1C5-CF9EBAD394F1}.Release|x86.ActiveCfg = Release|Win32
		{6876AA04-274E-428B-A1C5-CF9EBAD394F1}.Release|x86.Build.0 = Release|Win32
		{D8098A50-04DB-444A-BB3A-2944A30DAEB2}.Debug|x64.ActiveCfg = Debug|x64
		{D8098A50-04DB-444A-BB3A-2944A30DAEB2}.Debug|x64.Build.0 = Debug|x64
		{D8098A50-04DB-444A-BB3A-2944A30DAEB2}.Debug|x86.ActiveCfg = Debug|Win32
		{D8098A50-04DB-444A-BB3A-2944A30DAEB2}.Debug|x86.Build.0 = Debug|Win32
		{D8098A50-04DB-444A-BB3A-2944A30DAEB2}.Release|x64.ActiveCfg = Release|x64
		{D8098A50-04DB-444A-BB3A-2944A30DAEB2}.Release|x64.Build.0 = Release|x64
		{D8098A50-04DB-444A-BB3A-2944A30DAEB2}.Release|x86.ActiveCfg = Release|Win32
		{D8098A50-04DB-444A-BB3A-2944A30DAEB2}.Release|x86.Build.0 = Release|Win32
		{6F503B63-55F2-40E4-AC31-8B03CF4F9443}.Debug|x64.ActiveCfg = Debug|x64
		{6F503B63-55F2-40E4-AC31-8B03CF4F9443}.Debug|x64.Build.0 = Debug|x64
		{6F503B63-55F2-40E4-AC31-8B03CF4F9443}.Debug|x86.ActiveCfg = Debug|Win32
		{6F503B63-55F2-40E4-AC31-8B03CF4F9443}.Debug|x86.Build.0 = Debug|Win32
		{6F503B63-55F2-40E4-AC31-8B03CF4F9443}.Release|x64.ActiveCfg = Release|x64
		{6F503B63-55F2-40E4-AC31-8B03CF4F9443}.Release|x64.Build.0 = Release|x64
		{6F503B63-55F2-40E4-AC31-8B03CF4F9443}.Release|x86.ActiveCfg = Release|Win32
		{6F503B63-55F2-40E4-AC31-8B03CF4F9443}.Release|x86.Build.0 = Release|Win32
	EndGlobalSection
	GlobalSection(SolutionProperties) = preSolution
		HideSolutionNode = FALSE
	EndGlobalSection
	GlobalSection(ExtensibilityGlobals) = postSolution
		SolutionGuid = {8529E228-30DD-4814-BDCF-15074021B631}
	EndGlobalSection
EndGlobal
